
Microsoft Visual Studio Solution File, Format Version 12.00
# Visual Studio Version 17
VisualStudioVersion = 17.5.002.0
MinimumVisualStudioVersion = 10.0.40219.1
Project("{9A19103F-16F7-4668-BE54-9A1E7A4F7556}") = "WebApplication1", "WebApplication1.csproj", "{FF48EAF2-D225-493F-967F-1A1FF97DCF40}"
EndProject
Global
	GlobalSection(SolutionConfigurationPlatforms) = preSolution
		Debug|Any CPU = Debug|Any CPU
		Release|Any CPU = Release|Any CPU
	EndGlobalSection
	GlobalSection(ProjectConfigurationPlatforms) = postSolution
		{FF48EAF2-D225-493F-967F-1A1FF97DCF40}.Debug|Any CPU.ActiveCfg = Debug|Any CPU
		{FF48EAF2-D225-493F-967F-1A1FF97DCF40}.Debug|Any CPU.Build.0 = Debug|Any CPU
		{FF48EAF2-D225-493F-967F-1A1FF97DCF40}.Release|Any CPU.ActiveCfg = Release|Any CPU
		{FF48EAF2-D225-493F-967F-1A1FF97DCF40}.Release|Any CPU.Build.0 = Release|Any CPU
	EndGlobalSection
	GlobalSection(SolutionProperties) = preSolution
		HideSolutionNode = FALSE
	EndGlobalSection
	GlobalSection(ExtensibilityGlobals) = postSolution
		SolutionGuid = {0C908974-81D0-4925-B4D8-56F2F38FA0BD}
	EndGlobalSection
EndGlobal
